// !$*UTF8*$!
{
	archiveVersion = 1;
	classes = {
	};
	objectVersion = 77;
	objects = {

/* Begin PBXContainerItemProxy section */
		DC2736B12F72795C00364B0D /* PBXContainerItemProxy */ = {
			isa = PBXContainerItemProxy;
			containerPortal = DC2736972F72795B00364B0D /* Project object */;
			proxyType = 1;
			remoteGlobalIDString = DC27369E2F72795B00364B0D;
			remoteInfo = PasswordManager;
		};
		DC2736BB2F72795C00364B0D /* PBXContainerItemProxy */ = {
			isa = PBXContainerItemProxy;
			containerPortal = DC2736972F72795B00364B0D /* Project object */;
			proxyType = 1;
			remoteGlobalIDString = DC27369E2F72795B00364B0D;
			remoteInfo = PasswordManager;
		};
/* End PBXContainerItemProxy section */

/* Begin PBXFileReference section */
		DC27369F2F72795B00364B0D /* PasswordManager.app */ = {isa = PBXFileReference; explicitFileType = wrapper.application; includeInIndex = 0; path = PasswordManager.app; sourceTree = BUILT_PRODUCTS_DIR; };
		DC2736B02F72795C00364B0D /* PasswordManagerTests.xctest */ = {isa = PBXFileReference; explicitFileType = wrapper.cfbundle; includeInIndex = 0; path = PasswordManagerTests.xctest; sourceTree = BUILT_PRODUCTS_DIR; };
		DC2736BA2F72795C00364B0D /* PasswordManagerUITests.xctest */ = {isa = PBXFileReference; explicitFileType = wrapper.cfbundle; includeInIndex = 0; path = PasswordManagerUITests.xctest; sourceTree = BUILT_PRODUCTS_DIR; };
/* End PBXFileReference section */

/* Begin PBXFileSystemSynchronizedRootGroup section */
		DC2736A12F72795B00364B0D /* PasswordManager */ = {
			isa = PBXFileSystemSynchronizedRootGroup;
			path = PasswordManager;
			sourceTree = "<group>";
		};
		DC2736B32F72795C00364B0D /* PasswordManagerTests */ = {
			isa = PBXFileSystemSynchronizedRootGroup;
			path = PasswordManagerTests;
			sourceTree = "<group>";
		};
		DC2736BD2F72795C00364B0D /* PasswordManagerUITests */ = {
			isa = PBXFileSystemSynchronizedRootGroup;
			path = PasswordManagerUITests;
			sourceTree = "<group>";
		};
/* End PBXFileSystemSynchronizedRootGroup section */

/* Begin PBXFrameworksBuildPhase section */
		DC27369C2F72795B00364B0D /* Frameworks */ = {
			isa = PBXFrameworksBuildPhase;
			buildActionMask = 2147483647;
			files = (
			);
			runOnlyForDeploymentPostprocessing = 0;
		};
		DC2736AD2F72795C00364B0D /* Frameworks */ = {
			isa = PBXFrameworksBuildPhase;
			buildActionMask = 2147483647;
			files = (
			);
			runOnlyForDeploymentPostprocessing = 0;
		};
		DC2736B72F72795C00364B0D /* Frameworks */ = {
			isa = PBXFrameworksBuildPhase;
			buildActionMask = 2147483647;
			files = (
			);
			runOnlyForDeploymentPostprocessing = 0;
		};
/* End PBXFrameworksBuildPhase section */

/* Begin PBXGroup section */
		DC2736962F72795B00364B0D = {
			isa = PBXGroup;
			children = (
				DC2736A12F72795B00364B0D /* PasswordManager */,
				DC2736B32F72795C00364B0D /* PasswordManagerTests */,
				DC2736BD2F72795C00364B0D /* PasswordManagerUITests */,
				DC2736A02F72795B00364B0D /* Products */,
			);
			sourceTree = "<group>";
		};
		DC2736A02F72795B00364B0D /* Products */ = {
			isa = PBXGroup;
			children = (
				DC27369F2F72795B00364B0D /* PasswordManager.app */,
				DC2736B02F72795C00364B0D /* PasswordManagerTests.xctest */,
				DC2736BA2F72795C00364B0D /* PasswordManagerUITests.xctest */,
			);
			name = Products;
			sourceTree = "<group>";
		};
/* End PBXGroup section */

/* Begin PBXNativeTarget section */
		DC27369E2F72795B00364B0D /* PasswordManager */ = {
			isa = PBXNativeTarget;
			buildConfigurationList = DC2736C42F72795C00364B0D /* Build configuration list for PBXNativeTarget "PasswordManager" */;
			buildPhases = (
				DC27369B2F72795B00364B0D /* Sources */,
				DC27369C2F72795B00364B0D /* Frameworks */,
				DC27369D2F72795B00364B0D /* Resources */,
			);
			buildRules = (
			);
			dependencies = (
			);
			fileSystemSynchronizedGroups = (
				DC2736A12F72795B00364B0D /* PasswordManager */,
			);
			name = PasswordManager;
			packageProductDependencies = (
			);
			productName = PasswordManager;
			productReference = DC27369F2F72795B00364B0D /* PasswordManager.app */;
			productType = "com.apple.product-type.application";
		};
		DC2736AF2F72795C00364B0D /* PasswordManagerTests */ = {
			isa = PBXNativeTarget;
			buildConfigurationList = DC2736C72F72795C00364B0D /* Build configuration list for PBXNativeTarget "PasswordManagerTests" */;
			buildPhases = (
				DC2736AC2F72795C00364B0D /* Sources */,
				DC2736AD2F72795C00364B0D /* Frameworks */,
				DC2736AE2F72795C00364B0D /* Resources */,
			);
			buildRules = (
			);
			dependencies = (
				DC2736B22F72795C00364B0D /* PBXTargetDependency */,
			);
			fileSystemSynchronizedGroups = (
				DC2736B32F72795C00364B0D /* PasswordManagerTests */,
			);
			name = PasswordManagerTests;
			packageProductDependencies = (
			);
			productName = PasswordManagerTests;
			productReference = DC2736B02F72795C00364B0D /* PasswordManagerTests.xctest */;
			productType = "com.apple.product-type.bundle.unit-test";
		};
		DC2736B92F72795C00364B0D /* PasswordManagerUITests */ = {
			isa = PBXNativeTarget;
			buildConfigurationList = DC2736CA2F72795C00364B0D /* Build configuration list for PBXNativeTarget "PasswordManagerUITests" */;
			buildPhases = (
				DC2736B62F72795C00364B0D /* Sources */,
				DC2736B72F72795C00364B0D /* Frameworks */,
				DC2736B82F72795C00364B0D /* Resources */,
			);
			buildRules = (
			);
			dependencies = (
				DC2736BC2F72795C00364B0D /* PBXTargetDependency */,
			);
			fileSystemSynchronizedGroups = (
				DC2736BD2F72795C00364B0D /* PasswordManagerUITests */,
			);
			name = PasswordManagerUITests;
			packageProductDependencies = (
			);
			productName = PasswordManagerUITests;
			productReference = DC2736BA2F72795C00364B0D /* PasswordManagerUITests.xctest */;
			productType = "com.apple.product-type.bundle.ui-testing";
		};
/* End PBXNativeTarget section */

/* Begin PBXProject section */
		DC2736972F72795B00364B0D /* Project object */ = {
			isa = PBXProject;
			attributes = {
				BuildIndependentTargetsInParallel = 1;
				LastSwiftUpdateCheck = 1620;
				LastUpgradeCheck = 1620;
				TargetAttributes = {
					DC27369E2F72795B00364B0D = {
						CreatedOnToolsVersion = 16.2;
					};
					DC2736AF2F72795C00364B0D = {
						CreatedOnToolsVersion = 16.2;
						TestTargetID = DC27369E2F72795B00364B0D;
					};
					DC2736B92F72795C00364B0D = {
						CreatedOnToolsVersion = 16.2;
						TestTargetID = DC27369E2F72795B00364B0D;
					};
				};
			};
			buildConfigurationList = DC27369A2F72795B00364B0D /* Build configuration list for PBXProject "PasswordManager" */;
			developmentRegion = en;
			hasScannedForEncodings = 0;
			knownRegions = (
				en,
				Base,
			);
			mainGroup = DC2736962F72795B00364B0D;
			minimizedProjectReferenceProxies = 1;
			preferredProjectObjectVersion = 77;
			productRefGroup = DC2736A02F72795B00364B0D /* Products */;
			projectDirPath = "";
			projectRoot = "";
			targets = (
				DC27369E2F72795B00364B0D /* PasswordManager */,
				DC2736AF2F72795C00364B0D /* PasswordManagerTests */,
				DC2736B92F72795C00364B0D /* PasswordManagerUITests */,
			);
		};
/* End PBXProject section */

/* Begin PBXResourcesBuildPhase section */
		DC27369D2F72795B00364B0D /* Resources */ = {
			isa = PBXResourcesBuildPhase;
			buildActionMask = 2147483647;
			files = (
			);
			runOnlyForDeploymentPostprocessing = 0;
		};
		DC2736AE2F72795C00364B0D /* Resources */ = {
			isa = PBXResourcesBuildPhase;
			buildActionMask = 2147483647;
			files = (
			);
			runOnlyForDeploymentPostprocessing = 0;
		};
		DC2736B82F72795C00364B0D /* Resources */ = {
			isa = PBXResourcesBuildPhase;
			buildActionMask = 2147483647;
			files = (
			);
			runOnlyForDeploymentPostprocessing = 0;
		};
/* End PBXResourcesBuildPhase section */

/* Begin PBXSourcesBuildPhase section */
		DC27369B2F72795B00364B0D /* Sources */ = {
			isa = PBXSourcesBuildPhase;
			buildActionMask = 2147483647;
			files = (
			);
			runOnlyForDeploymentPostprocessing = 0;
		};
		DC2736AC2F72795C00364B0D /* Sources */ = {
			isa = PBXSourcesBuildPhase;
			buildActionMask = 2147483647;
			files = (
			);
			runOnlyForDeploymentPostprocessing = 0;
		};
		DC2736B62F72795C00364B0D /* Sources */ = {
			isa = PBXSourcesBuildPhase;
			buildActionMask = 2147483647;
			files = (
			);
			runOnlyForDeploymentPostprocessing = 0;
		};
/* End PBXSourcesBuildPhase section */

/* Begin PBXTargetDependency section */
		DC2736B22F72795C00364B0D /* PBXTargetDependency */ = {
			isa = PBXTargetDependency;
			target = DC27369E2F72795B00364B0D /* PasswordManager */;
			targetProxy = DC2736B12F72795C00364B0D /* PBXContainerItemProxy */;
		};
		DC2736BC2F72795C00364B0D /* PBXTargetDependency */ = {
			isa = PBXTargetDependency;
			target = DC27369E2F72795B00364B0D /* PasswordManager */;
			targetProxy = DC2736BB2F72795C00364B0D /* PBXContainerItemProxy */;
		};
/* End PBXTargetDependency section */

/* Begin XCBuildConfiguration section */
		DC2736C22F72795C00364B0D /* Debug */ = {
			isa = XCBuildConfiguration;
			buildSettings = {
				ALWAYS_SEARCH_USER_PATHS = NO;
				ASSETCATALOG_COMPILER_GENERATE_SWIFT_ASSET_SYMBOL_EXTENSIONS = YES;
				CLANG_ANALYZER_NONNULL = YES;
				CLANG_ANALYZER_NUMBER_OBJECT_CONVERSION = YES_AGGRESSIVE;
				CLANG_CXX_LANGUAGE_STANDARD = "gnu++20";
				CLANG_ENABLE_MODULES = YES;
				CLANG_ENABLE_OBJC_ARC = YES;
				CLANG_ENABLE_OBJC_WEAK = YES;
				CLANG_WARN_BLOCK_CAPTURE_AUTORELEASING = YES;
				CLANG_WARN_BOOL_CONVERSION = YES;
				CLANG_WARN_COMMA = YES;
				CLANG_WARN_CONSTANT_CONVERSION = YES;
				CLANG_WARN_DEPRECATED_OBJC_IMPLEMENTATIONS = YES;
				CLANG_WARN_DIRECT_OBJC_ISA_USAGE = YES_ERROR;
				CLANG_WARN_DOCUMENTATION_COMMENTS = YES;
				CLANG_WARN_EMPTY_BODY = YES;
				CLANG_WARN_ENUM_CONVERSION = YES;
				CLANG_WARN_INFINITE_RECURSION = YES;
				CLANG_WARN_INT_CONVERSION = YES;
				CLANG_WARN_NON_LITERAL_NULL_CONVERSION = YES;
				CLANG_WARN_OBJC_IMPLICIT_RETAIN_SELF = YES;
				CLANG_WARN_OBJC_LITERAL_CONVERSION = YES;
				CLANG_WARN_OBJC_ROOT_CLASS = YES_ERROR;
				CLANG_WARN_QUOTED_INCLUDE_IN_FRAMEWORK_HEADER = YES;
				CLANG_WARN_RANGE_LOOP_ANALYSIS = YES;
				CLANG_WARN_STRICT_PROTOTYPES = YES;
				CLANG_WARN_SUSPICIOUS_MOVE = YES;
				CLANG_WARN_UNGUARDED_AVAILABILITY = YES_AGGRESSIVE;
				CLANG_WARN_UNREACHABLE_CODE = YES;
				CLANG_WARN__DUPLICATE_METHOD_MATCH = YES;
				COPY_PHASE_STRIP = NO;
				DEBUG_INFORMATION_FORMAT = dwarf;
				ENABLE_STRICT_OBJC_MSGSEND = YES;
				ENABLE_TESTABILITY = YES;
				ENABLE_USER_SCRIPT_SANDBOXING = YES;
				GCC_C_LANGUAGE_STANDARD = gnu17;
				GCC_DYNAMIC_NO_PIC = NO;
				GCC_NO_COMMON_BLOCKS = YES;
				GCC_OPTIMIZATION_LEVEL = 0;
				GCC_PREPROCESSOR_DEFINITIONS = (
					"DEBUG=1",
					"$(inherited)",
				);
				GCC_WARN_64_TO_32_BIT_CONVERSION = YES;
				GCC_WARN_ABOUT_RETURN_TYPE = YES_ERROR;
				GCC_WARN_UNDECLARED_SELECTOR = YES;
				GCC_WARN_UNINITIALIZED_AUTOS = YES_AGGRESSIVE;
				GCC_WARN_UNUSED_FUNCTION = YES;
				GCC_WARN_UNUSED_VARIABLE = YES;
				LOCALIZATION_PREFERS_STRING_CATALOGS = YES;
				MACOSX_DEPLOYMENT_TARGET = 14.6;
				MTL_ENABLE_DEBUG_INFO = INCLUDE_SOURCE;
				MTL_FAST_MATH = YES;
				ONLY_ACTIVE_ARCH = YES;
				SDKROOT = macosx;
				SWIFT_ACTIVE_COMPILATION_CONDITIONS = "DEBUG $(inherited)";
				SWIFT_OPTIMIZATION_LEVEL = "-Onone";
			};
			name = Debug;
		};
		DC2736C32F72795C00364B0D /* Release */ = {
			isa = XCBuildConfiguration;
			buildSettings = {
				ALWAYS_SEARCH_USER_PATHS = NO;
				ASSETCATALOG_COMPILER_GENERATE_SWIFT_ASSET_SYMBOL_EXTENSIONS = YES;
				CLANG_ANALYZER_NONNULL = YES;
				CLANG_ANALYZER_NUMBER_OBJECT_CONVERSION = YES_AGGRESSIVE;
				CLANG_CXX_LANGUAGE_STANDARD = "gnu++20";
				CLANG_ENABLE_MODULES = YES;
				CLANG_ENABLE_OBJC_ARC = YES;
				CLANG_ENABLE_OBJC_WEAK = YES;
				CLANG_WARN_BLOCK_CAPTURE_AUTORELEASING = YES;
				CLANG_WARN_BOOL_CONVERSION = YES;
				CLANG_WARN_COMMA = YES;
				CLANG_WARN_CONSTANT_CONVERSION = YES;
				CLANG_WARN_DEPRECATED_OBJC_IMPLEMENTATIONS = YES;
				CLANG_WARN_DIRECT_OBJC_ISA_USAGE = YES_ERROR;
				CLANG_WARN_DOCUMENTATION_COMMENTS = YES;
				CLANG_WARN_EMPTY_BODY = YES;
				CLANG_WARN_ENUM_CONVERSION = YES;
				CLANG_WARN_INFINITE_RECURSION = YES;
				CLANG_WARN_INT_CONVERSION = YES;
				CLANG_WARN_NON_LITERAL_NULL_CONVERSION = YES;
				CLANG_WARN_OBJC_IMPLICIT_RETAIN_SELF = YES;
				CLANG_WARN_OBJC_LITERAL_CONVERSION = YES;
				CLANG_WARN_OBJC_ROOT_CLASS = YES_ERROR;
				CLANG_WARN_QUOTED_INCLUDE_IN_FRAMEWORK_HEADER = YES;
				CLANG_WARN_RANGE_LOOP_ANALYSIS = YES;
				CLANG_WARN_STRICT_PROTOTYPES = YES;
				CLANG_WARN_SUSPICIOUS_MOVE = YES;
				CLANG_WARN_UNGUARDED_AVAILABILITY = YES_AGGRESSIVE;
				CLANG_WARN_UNREACHABLE_CODE = YES;
				CLANG_WARN__DUPLICATE_METHOD_MATCH = YES;
				COPY_PHASE_STRIP = NO;
				DEBUG_INFORMATION_FORMAT = "dwarf-with-dsym";
				ENABLE_NS_ASSERTIONS = NO;
				ENABLE_STRICT_OBJC_MSGSEND = YES;
				ENABLE_USER_SCRIPT_SANDBOXING = YES;
				GCC_C_LANGUAGE_STANDARD = gnu17;
				GCC_NO_COMMON_BLOCKS = YES;
				GCC_WARN_64_TO_32_BIT_CONVERSION = YES;
				GCC_WARN_ABOUT_RETURN_TYPE = YES_ERROR;
				GCC_WARN_UNDECLARED_SELECTOR = YES;
				GCC_WARN_UNINITIALIZED_AUTOS = YES_AGGRESSIVE;
				GCC_WARN_UNUSED_FUNCTION = YES;
				GCC_WARN_UNUSED_VARIABLE = YES;
				LOCALIZATION_PREFERS_STRING_CATALOGS = YES;
				MACOSX_DEPLOYMENT_TARGET = 14.6;
				MTL_ENABLE_DEBUG_INFO = NO;
				MTL_FAST_MATH = YES;
				SDKROOT = macosx;
				SWIFT_COMPILATION_MODE = wholemodule;
			};
			name = Release;
		};
		DC2736C52F72795C00364B0D /* Debug */ = {
			isa = XCBuildConfiguration;
			buildSettings = {
				ASSETCATALOG_COMPILER_APPICON_NAME = AppIcon;
				ASSETCATALOG_COMPILER_GLOBAL_ACCENT_COLOR_NAME = AccentColor;
				CODE_SIGN_ENTITLEMENTS = PasswordManager/PasswordManager.entitlements;
				CODE_SIGN_STYLE = Automatic;
				COMBINE_HIDPI_IMAGES = YES;
				CURRENT_PROJECT_VERSION = 1;
				DEVELOPMENT_ASSET_PATHS = "\"PasswordManager/Preview Content\"";
				ENABLE_PREVIEWS = YES;
				GENERATE_INFOPLIST_FILE = YES;
				INFOPLIST_KEY_LSUIElement = YES;
				INFOPLIST_KEY_NSHumanReadableCopyright = "";
				LD_RUNPATH_SEARCH_PATHS = (
					"$(inherited)",
					"@executable_path/../Frameworks",
				);
				MACOSX_DEPLOYMENT_TARGET = 13.5;
				MARKETING_VERSION = 1.0;
				PRODUCT_BUNDLE_IDENTIFIER = youzhigang.PasswordManager;
				PRODUCT_NAME = "$(TARGET_NAME)";
				SWIFT_EMIT_LOC_STRINGS = YES;
				SWIFT_VERSION = 5.0;
			};
			name = Debug;
		};
		DC2736C62F72795C00364B0D /* Release */ = {
			isa = XCBuildConfiguration;
			buildSettings = {
				ASSETCATALOG_COMPILER_APPICON_NAME = AppIcon;
				ASSETCATALOG_COMPILER_GLOBAL_ACCENT_COLOR_NAME = AccentColor;
				CODE_SIGN_ENTITLEMENTS = PasswordManager/PasswordManager.entitlements;
				CODE_SIGN_STYLE = Automatic;
				COMBINE_HIDPI_IMAGES = YES;
				CURRENT_PROJECT_VERSION = 1;
				DEVELOPMENT_ASSET_PATHS = "\"PasswordManager/Preview Content\"";
				ENABLE_PREVIEWS = YES;
				GENERATE_INFOPLIST_FILE = YES;
				INFOPLIST_KEY_LSUIElement = YES;
				INFOPLIST_KEY_NSHumanReadableCopyright = "";
				LD_RUNPATH_SEARCH_PATHS = (
					"$(inherited)",
					"@executable_path/../Frameworks",
				);
				MACOSX_DEPLOYMENT_TARGET = 13.5;
				MARKETING_VERSION = 1.0;
				PRODUCT_BUNDLE_IDENTIFIER = youzhigang.PasswordManager;
				PRODUCT_NAME = "$(TARGET_NAME)";
				SWIFT_EMIT_LOC_STRINGS = YES;
				SWIFT_VERSION = 5.0;
			};
			name = Release;
		};
		DC2736C82F72795C00364B0D /* Debug */ = {
			isa = XCBuildConfiguration;
			buildSettings = {
				BUNDLE_LOADER = "$(TEST_HOST)";
				CODE_SIGN_STYLE = Automatic;
				CURRENT_PROJECT_VERSION = 1;
				GENERATE_INFOPLIST_FILE = YES;
				MACOSX_DEPLOYMENT_TARGET = 14.6;
				MARKETING_VERSION = 1.0;
				PRODUCT_BUNDLE_IDENTIFIER = youzhigang.PasswordManagerTests;
				PRODUCT_NAME = "$(TARGET_NAME)";
				SWIFT_EMIT_LOC_STRINGS = NO;
				SWIFT_VERSION = 5.0;
				TEST_HOST = "$(BUILT_PRODUCTS_DIR)/PasswordManager.app/$(BUNDLE_EXECUTABLE_FOLDER_PATH)/PasswordManager";
			};
			name = Debug;
		};
		DC2736C92F72795C00364B0D /* Release */ = {
			isa = XCBuildConfiguration;
			buildSettings = {
				BUNDLE_LOADER = "$(TEST_HOST)";
				CODE_SIGN_STYLE = Automatic;
				CURRENT_PROJECT_VERSION = 1;
				GENERATE_INFOPLIST_FILE = YES;
				MACOSX_DEPLOYMENT_TARGET = 14.6;
				MARKETING_VERSION = 1.0;
				PRODUCT_BUNDLE_IDENTIFIER = youzhigang.PasswordManagerTests;
				PRODUCT_NAME = "$(TARGET_NAME)";
				SWIFT_EMIT_LOC_STRINGS = NO;
				SWIFT_VERSION = 5.0;
				TEST_HOST = "$(BUILT_PRODUCTS_DIR)/PasswordManager.app/$(BUNDLE_EXECUTABLE_FOLDER_PATH)/PasswordManager";
			};
			name = Release;
		};
		DC2736CB2F72795C00364B0D /* Debug */ = {
			isa = XCBuildConfiguration;
			buildSettings = {
				CODE_SIGN_STYLE = Automatic;
				CURRENT_PROJECT_VERSION = 1;
				GENERATE_INFOPLIST_FILE = YES;
				MARKETING_VERSION = 1.0;
				PRODUCT_BUNDLE_IDENTIFIER = youzhigang.PasswordManagerUITests;
				PRODUCT_NAME = "$(TARGET_NAME)";
				SWIFT_EMIT_LOC_STRINGS = NO;
				SWIFT_VERSION = 5.0;
				TEST_TARGET_NAME = PasswordManager;
			};
			name = Debug;
		};
		DC2736CC2F72795C00364B0D /* Release */ = {
			isa = XCBuildConfiguration;
			buildSettings = {
				CODE_SIGN_STYLE = Automatic;
				CURRENT_PROJECT_VERSION = 1;
				GENERATE_INFOPLIST_FILE = YES;
				MARKETING_VERSION = 1.0;
				PRODUCT_BUNDLE_IDENTIFIER = youzhigang.PasswordManagerUITests;
				PRODUCT_NAME = "$(TARGET_NAME)";
				SWIFT_EMIT_LOC_STRINGS = NO;
				SWIFT_VERSION = 5.0;
				TEST_TARGET_NAME = PasswordManager;
			};
			name = Release;
		};
/* End XCBuildConfiguration section */

/* Begin XCConfigurationList section */
		DC27369A2F72795B00364B0D /* Build configuration list for PBXProject "PasswordManager" */ = {
			isa = XCConfigurationList;
			buildConfigurations = (
				DC2736C22F72795C00364B0D /* Debug */,
				DC2736C32F72795C00364B0D /* Release */,
			);
			defaultConfigurationIsVisible = 0;
			defaultConfigurationName = Release;
		};
		DC2736C42F72795C00364B0D /* Build configuration list for PBXNativeTarget "PasswordManager" */ = {
			isa = XCConfigurationList;
			buildConfigurations = (
				DC2736C52F72795C00364B0D /* Debug */,
				DC2736C62F72795C00364B0D /* Release */,
			);
			defaultConfigurationIsVisible = 0;
			defaultConfigurationName = Release;
		};
		DC2736C72F72795C00364B0D /* Build configuration list for PBXNativeTarget "PasswordManagerTests" */ = {
			isa = XCConfigurationList;
			buildConfigurations = (
				DC2736C82F72795C00364B0D /* Debug */,
				DC2736C92F72795C00364B0D /* Release */,
			);
			defaultConfigurationIsVisible = 0;
			defaultConfigurationName = Release;
		};
		DC2736CA2F72795C00364B0D /* Build configuration list for PBXNativeTarget "PasswordManagerUITests" */ = {
			isa = XCConfigurationList;
			buildConfigurations = (
				DC2736CB2F72795C00364B0D /* Debug */,
				DC2736CC2F72795C00364B0D /* Release */,
			);
			defaultConfigurationIsVisible = 0;
			defaultConfigurationName = Release;
		};
/* End XCConfigurationList section */
	};
	rootObject = DC2736972F72795B00364B0D /* Project object */;
}
